<?xml version="1.0" encoding="utf-8"?>
<Project ToolsVersion="4.0" xmlns="http://schemas.microsoft.com/developer/msbuild/2003">
  <ItemGroup>
    <FxCompile Include="Shader\BasicPS.hlsl" />
    <FxCompile Include="Shader\BasicVS.hlsl" />
    <FxCompile Include="Shader\LambertPS.hlsl" />
    <FxCompile Include="Shader\LambertVS.hlsl" />
    <FxCompile Include="Shader\ShapeRendererPS.hlsl" />
    <FxCompile Include="Shader\ShapeRendererVS.hlsl" />
    <FxCompile Include="Shader\PrimitiveRendererPS.hlsl" />
    <FxCompile Include="Shader\PrimitiveRendererVS.hlsl" />
    <FxCompile Include="Shader\SpritePS.hlsl" />
    <FxCompile Include="Shader\SpriteVS.hlsl" />
    <FxCompile Include="Shader\sprite_dissolve_ps.hlsl" />
    <FxCompile Include="Shader\sprite_dissolve_vs.hlsl" />
    <FxCompile Include="UVScroll_ps.hlsl" />
    <FxCompile Include="UVScroll_vs.hlsl" />
  </ItemGroup>
  <ItemGroup>
    <ClCompile Include="External\imgui-docking\imgui.cpp" />
    <ClCompile Include="External\imgui-docking\imgui_demo.cpp" />
    <ClCompile Include="External\imgui-docking\imgui_draw.cpp" />
    <ClCompile Include="External\imgui-docking\imgui_impl_dx11.cpp" />
    <ClCompile Include="External\imgui-docking\imgui_impl_win32.cpp" />
    <ClCompile Include="External\imgui-docking\imgui_widgets.cpp" />
    <ClCompile Include="Source\BossEnemy.cpp" />
    <ClCompile Include="Source\Camera.cpp" />
    <ClCompile Include="Source\CameraController.cpp" />
    <ClCompile Include="Source\Character.cpp" />
    <ClCompile Include="Source\Collision.cpp" />
    <ClCompile Include="Source\Effect.cpp" />
    <ClCompile Include="Source\EffectManager.cpp" />
    <ClCompile Include="Source\Enemy.cpp" />
    <ClCompile Include="Source\EnemyManager.cpp" />
    <ClCompile Include="Source\EnemySlime.cpp" />
    <ClCompile Include="Source\Framework.cpp" />
    <ClCompile Include="Source\Main.cpp" />
    <ClCompile Include="Source\MathUtils.cpp" />
    <ClCompile Include="Source\Player.cpp" />
    <ClCompile Include="Source\Projectile.cpp" />
    <ClCompile Include="Source\ProjectileHoming.cpp" />
    <ClCompile Include="Source\ProjectileManager.cpp" />
    <ClCompile Include="Source\ProjectileStraight.cpp" />
    <ClCompile Include="Source\SceneGame.cpp" />
    <ClCompile Include="Source\SceneLoading.cpp" />
    <ClCompile Include="Source\SceneManager.cpp" />
    <ClCompile Include="Source\SceneOver.cpp" />
    <ClCompile Include="Source\SceneResult.cpp" />
    <ClCompile Include="Source\SceneTitle.cpp" />
    <ClCompile Include="Source\Stage.cpp" />
    <ClCompile Include="Source\System\Audio.cpp" />
    <ClCompile Include="Source\System\AudioManager.cpp" />
    <ClCompile Include="Source\System\AudioResource.cpp" />
    <ClCompile Include="Source\System\AudioSource.cpp" />
    <ClCompile Include="Source\System\BasicShader.cpp" />
    <ClCompile Include="Source\System\GamePad.cpp" />
    <ClCompile Include="Source\System\GpuResourceUtils.cpp" />
    <ClCompile Include="Source\System\Graphics.cpp" />
    <ClCompile Include="Source\System\ImGuiRenderer.cpp" />
    <ClCompile Include="Source\System\Input.cpp" />
    <ClCompile Include="Source\System\LambertShader.cpp" />
    <ClCompile Include="Source\System\Model.cpp" />
    <ClCompile Include="Source\System\ModelRenderer.cpp" />
    <ClCompile Include="Source\System\ModelResource.cpp" />
    <ClCompile Include="Source\System\Mouse.cpp" />
    <ClCompile Include="Source\System\RenderState.cpp" />
    <ClCompile Include="Source\System\ShapeRenderer.cpp" />
    <ClCompile Include="Source\System\Sprite.cpp" />
  </ItemGroup>
  <ItemGroup>
    <ClInclude Include="External\imgui-docking\imconfig.h" />
    <ClInclude Include="External\imgui-docking\imgui.h" />
    <ClInclude Include="External\imgui-docking\imgui_impl_dx11.h" />
    <ClInclude Include="External\imgui-docking\imgui_impl_win32.h" />
    <ClInclude Include="External\imgui-docking\imgui_internal.h" />
    <ClInclude Include="External\imgui-docking\imstb_rectpack.h" />
    <ClInclude Include="External\imgui-docking\imstb_textedit.h" />
    <ClInclude Include="External\imgui-docking\imstb_truetype.h" />
    <ClInclude Include="Source\BossEnemy.h" />
    <ClInclude Include="Source\Camera.h" />
    <ClInclude Include="Source\CameraController.h" />
    <ClInclude Include="Source\Character.h" />
    <ClInclude Include="Source\Collision.h" />
    <ClInclude Include="Source\Effect.h" />
    <ClInclude Include="Source\EffectManager.h" />
    <ClInclude Include="Source\Enemy.h" />
    <ClInclude Include="Source\EnemyManager.h" />
    <ClInclude Include="Source\EnemySlime.h" />
    <ClInclude Include="Source\Framework.h" />
    <ClInclude Include="Source\MathUtils.h" />
    <ClInclude Include="Source\Player.h" />
    <ClInclude Include="Source\Projectile.h" />
    <ClInclude Include="Source\ProjectileHoming.h" />
    <ClInclude Include="Source\ProjectileManager.h" />
    <ClInclude Include="Source\ProjectileStraight.h" />
    <ClInclude Include="Source\Scene.h" />
    <ClInclude Include="Source\SceneGame.h" />
    <ClInclude Include="Source\SceneLoading.h" />
    <ClInclude Include="Source\SceneManager.h" />
    <ClInclude Include="Source\SceneOver.h" />
    <ClInclude Include="Source\SceneResult.h" />
    <ClInclude Include="Source\SceneTitle.h" />
    <ClInclude Include="Source\Stage.h" />
    <ClInclude Include="Source\System\Audio.h" />
    <ClInclude Include="Source\System\AudioManager.h" />
    <ClInclude Include="Source\System\AudioResource.h" />
    <ClInclude Include="Source\System\AudioSource.h" />
    <ClInclude Include="Source\System\BasicShader.h" />
    <ClInclude Include="Source\System\GamePad.h" />
    <ClInclude Include="Source\System\GpuResourceUtils.h" />
    <ClInclude Include="Source\System\Graphics.h" />
    <ClInclude Include="Source\System\HighResolutionTimer.h" />
    <ClInclude Include="Source\System\ImGuiRenderer.h" />
    <ClInclude Include="Source\System\Input.h" />
    <ClInclude Include="Source\System\LambertShader.h" />
    <ClInclude Include="Source\System\Misc.h" />
    <ClInclude Include="Source\System\Model.h" />
    <ClInclude Include="Source\System\ModelRenderer.h" />
    <ClInclude Include="Source\System\ModelResource.h" />
    <ClInclude Include="Source\System\Mouse.h" />
    <ClInclude Include="Source\System\RenderContext.h" />
    <ClInclude Include="Source\System\RenderState.h" />
    <ClInclude Include="Source\System\Shader.h" />
    <ClInclude Include="Source\System\ShapeRenderer.h" />
    <ClInclude Include="Source\System\Sprite.h" />
  </ItemGroup>
  <ItemGroup>
    <None Include="Shader\Basic.hlsli" />
    <None Include="Shader\Lambert.hlsli" />
    <None Include="Shader\Scene.hlsli" />
    <None Include="Shader\ShapeRenderer.hlsli" />
    <None Include="Shader\PrimitiveRenderer.hlsli" />
    <None Include="Shader\Skinning.hlsli" />
    <None Include="Shader\Sprite.hlsli" />
    <None Include="Shader\sprite_dissolve.hlsli" />
    <None Include="UVScroll.hlsli" />
  </ItemGroup>
</Project>